
Microsoft Visual Studio Solution File, Format Version 12.00
# Visual Studio 15
VisualStudioVersion = 15.0.27703.2042
MinimumVisualStudioVersion = 10.0.40219.1
Project("{FAE04EC0-301F-11D3-BF4B-00C04F79EFBC}") = "ScreenPix", "ScreenPix\ScreenPix.csproj", "{1B83F156-4D7F-4DA4-A038-543931CF69FD}"
EndProject
Global
	GlobalSection(SolutionConfigurationPlatforms) = preSolution
		Debug|Any CPU = Debug|Any CPU
		Release|Any CPU = Release|Any CPU
	EndGlobalSection
	GlobalSection(ProjectConfigurationPlatforms) = postSolution
		{1B83F156-4D7F-4DA4-A038-543931CF69FD}.Debug|Any CPU.ActiveCfg = Debug|Any CPU
		{1B83F156-4D7F-4DA4-A038-543931CF69FD}.Debug|Any CPU.Build.0 = Debug|Any CPU
		{1B83F156-4D7F-4DA4-A038-543931CF69FD}.Release|Any CPU.ActiveCfg = Release|Any CPU
		{1B83F156-4D7F-4DA4-A038-543931CF69FD}.Release|Any CPU.Build.0 = Release|Any CPU
	EndGlobalSection
	GlobalSection(SolutionProperties) = preSolution
		HideSolutionNode = FALSE
	EndGlobalSection
	GlobalSection(ExtensibilityGlobals) = postSolution
		SolutionGuid = {D2A7F67A-5A1C-4772-B584-C79DF2F2B87B}
	EndGlobalSection
EndGlobal
